{
    "_meta": {
        "hash": {
            "sha256": "a0879f1b7c42acf079dde820ea6b6bdd35f0ba44133a1ce49cc5a6283bab6c93"
        },
        "pipfile-spec": 6,
        "requires": {
            "python_version": "3.6"
        },
        "sources": [
            {
                "name": "pypi",
                "url": "https://pypi.org/simple",
                "verify_ssl": true
            }
        ]
    },
    "default": {
        "apscheduler": {
            "hashes": [
                "sha256:1cab7f2521e107d07127b042155b632b7a1cd5e02c34be5a28ff62f77c900c6a",
                "sha256:c06cc796d5bb9eb3c4f77727f6223476eb67749e7eea074d1587550702a7fbe3"
            ],
            "markers": "python_version >= '2.7' and python_version not in '3.0, 3.1, 3.2, 3.3, 3.4' and python_version < '4'",
            "version": "==3.7.0"
        },
        "bullish-backend": {
            "editable": true,
            "path": "."
        },
        "click": {
            "hashes": [
                "sha256:8c04c11192119b1ef78ea049e0a6f0463e4c48ef00a30160c704337586f3ad7a",
                "sha256:fba402a4a47334742d782209a7c79bc448911afe1149d07bdabdf480b3e2f4b6"
            ],
            "markers": "python_version >= '3.6'",
            "version": "==8.0.1"
        },
        "colorama": {
            "hashes": [
                "sha256:5941b2b48a20143d2267e95b1c2a7603ce057ee39fd88e7329b0c292aa16869b",
                "sha256:9f47eda37229f68eee03b24b9748937c7dc3868f906e8ba69fbcbdd3bc5dc3e2"
            ],
            "markers": "platform_system == 'Windows'",
            "version": "==0.4.4"
        },
        "dataclasses": {
            "hashes": [
                "sha256:0201d89fa866f68c8ebd9d08ee6ff50c0b255f8ec63a71c16fda7af82bb887bf",
                "sha256:8479067f342acf957dc82ec415d355ab5edb7e7646b90dc6e2fd1d96ad084c97"
            ],
            "markers": "python_version < '3.7'",
            "version": "==0.8"
        },
        "flask": {
            "hashes": [
                "sha256:1c4c257b1892aec1398784c63791cbaa43062f1f7aeb555c4da961b20ee68f55",
                "sha256:a6209ca15eb63fc9385f38e452704113d679511d9574d09b2cf9183ae7d20dc9"
            ],
            "index": "pypi",
            "version": "==2.0.1"
        },
        "flask-apscheduler": {
            "hashes": [
                "sha256:b9fe174b90d201d8beeba5522b023208f7bb6e2583fc02fea4be4bce5ee8f9e5"
            ],
            "index": "pypi",
            "version": "==1.12.2"
        },
        "flask-cors": {
            "hashes": [
                "sha256:74efc975af1194fc7891ff5cd85b0f7478be4f7f59fe158102e91abb72bb4438",
                "sha256:b60839393f3b84a0f3746f6cdca56c1ad7426aa738b70d6c61375857823181de"
            ],
            "index": "pypi",
            "version": "==3.0.10"
        },
        "flask-jwt-extended": {
            "hashes": [
                "sha256:6e2b40d548b9dfc6051740c4552c097ac38e514e500c16c682d9a533d17ca418",
                "sha256:80d06d3893089824659c26d0cb261999a12f425a66f09c3685f993065bc47b3a"
            ],
            "index": "pypi",
            "version": "==4.3.0"
        },
        "flask-mongoalchemy": {
            "hashes": [
                "sha256:7bf17e8d5f0702315c839a93a3bbd47e116b6ea4005e625efe9c570b2f0e2f2b"
            ],
            "index": "pypi",
            "version": "==0.7.2"
        },
        "importlib-metadata": {
            "hashes": [
                "sha256:1be82867064622fe56c7046bb5280063949f56c0abcdfc3cd33875efd4fc5498",
                "sha256:a69df6d94f8ac09cd46fdf79a955c153164b312442f7594a3eeeec46f230fe2b"
            ],
            "markers": "python_version < '3.8'",
            "version": "==4.7.0"
        },
        "itsdangerous": {
            "hashes": [
                "sha256:5174094b9637652bdb841a3029700391451bd092ba3db90600dea710ba28e97c",
                "sha256:9e724d68fc22902a1435351f84c3fb8623f303fffcc566a4cb952df8c572cff0"
            ],
            "markers": "python_version >= '3.6'",
            "version": "==2.0.1"
        },
        "jinja2": {
            "hashes": [
                "sha256:1f06f2da51e7b56b8f238affdd6b4e2c61e39598a378cc49345bc1bd42a978a4",
                "sha256:703f484b47a6af502e743c9122595cc812b0271f661722403114f71a79d0f5a4"
            ],
            "markers": "python_version >= '3.6'",
            "version": "==3.0.1"
        },
        "markupsafe": {
            "hashes": [
                "sha256:01a9b8ea66f1658938f65b93a85ebe8bc016e6769611be228d797c9d998dd298",
                "sha256:023cb26ec21ece8dc3907c0e8320058b2e0cb3c55cf9564da612bc325bed5e64",
                "sha256:0446679737af14f45767963a1a9ef7620189912317d095f2d9ffa183a4d25d2b",
                "sha256:0717a7390a68be14b8c793ba258e075c6f4ca819f15edfc2a3a027c823718567",
                "sha256:0955295dd5eec6cb6cc2fe1698f4c6d84af2e92de33fbcac4111913cd100a6ff",
                "sha256:0d4b31cc67ab36e3392bbf3862cfbadac3db12bdd8b02a2731f509ed5b829724",
                "sha256:10f82115e21dc0dfec9ab5c0223652f7197feb168c940f3ef61563fc2d6beb74",
                "sha256:168cd0a3642de83558a5153c8bd34f175a9a6e7f6dc6384b9655d2697312a646",
                "sha256:1d609f577dc6e1aa17d746f8bd3c31aa4d258f4070d61b2aa5c4166c1539de35",
                "sha256:1f2ade76b9903f39aa442b4aadd2177decb66525062db244b35d71d0ee8599b6",
                "sha256:2a7d351cbd8cfeb19ca00de495e224dea7e7d919659c2841bbb7f420ad03e2d6",
                "sha256:2d7d807855b419fc2ed3e631034685db6079889a1f01d5d9dac950f764da3dad",
                "sha256:2ef54abee730b502252bcdf31b10dacb0a416229b72c18b19e24a4509f273d26",
                "sha256:36bc903cbb393720fad60fc28c10de6acf10dc6cc883f3e24ee4012371399a38",
                "sha256:37205cac2a79194e3750b0af2a5720d95f786a55ce7df90c3af697bfa100eaac",
                "sha256:3c112550557578c26af18a1ccc9e090bfe03832ae994343cfdacd287db6a6ae7",
                "sha256:3dd007d54ee88b46be476e293f48c85048603f5f516008bee124ddd891398ed6",
                "sha256:47ab1e7b91c098ab893b828deafa1203de86d0bc6ab587b160f78fe6c4011f75",
                "sha256:49e3ceeabbfb9d66c3aef5af3a60cc43b85c33df25ce03d0031a608b0a8b2e3f",
                "sha256:4efca8f86c54b22348a5467704e3fec767b2db12fc39c6d963168ab1d3fc9135",
                "sha256:53edb4da6925ad13c07b6d26c2a852bd81e364f95301c66e930ab2aef5b5ddd8",
                "sha256:5855f8438a7d1d458206a2466bf82b0f104a3724bf96a1c781ab731e4201731a",
                "sha256:594c67807fb16238b30c44bdf74f36c02cdf22d1c8cda91ef8a0ed8dabf5620a",
                "sha256:5bb28c636d87e840583ee3adeb78172efc47c8b26127267f54a9c0ec251d41a9",
                "sha256:60bf42e36abfaf9aff1f50f52644b336d4f0a3fd6d8a60ca0d054ac9f713a864",
                "sha256:611d1ad9a4288cf3e3c16014564df047fe08410e628f89805e475368bd304914",
                "sha256:6557b31b5e2c9ddf0de32a691f2312a32f77cd7681d8af66c2692efdbef84c18",
                "sha256:693ce3f9e70a6cf7d2fb9e6c9d8b204b6b39897a2c4a1aa65728d5ac97dcc1d8",
                "sha256:6a7fae0dd14cf60ad5ff42baa2e95727c3d81ded453457771d02b7d2b3f9c0c2",
                "sha256:6c4ca60fa24e85fe25b912b01e62cb969d69a23a5d5867682dd3e80b5b02581d",
                "sha256:6fcf051089389abe060c9cd7caa212c707e58153afa2c649f00346ce6d260f1b",
                "sha256:7d91275b0245b1da4d4cfa07e0faedd5b0812efc15b702576d103293e252af1b",
                "sha256:905fec760bd2fa1388bb5b489ee8ee5f7291d692638ea5f67982d968366bef9f",
                "sha256:97383d78eb34da7e1fa37dd273c20ad4320929af65d156e35a5e2d89566d9dfb",
                "sha256:984d76483eb32f1bcb536dc27e4ad56bba4baa70be32fa87152832cdd9db0833",
                "sha256:99df47edb6bda1249d3e80fdabb1dab8c08ef3975f69aed437cb69d0a5de1e28",
                "sha256:a30e67a65b53ea0a5e62fe23682cfe22712e01f453b95233b25502f7c61cb415",
                "sha256:ab3ef638ace319fa26553db0624c4699e31a28bb2a835c5faca8f8acf6a5a902",
                "sha256:add36cb2dbb8b736611303cd3bfcee00afd96471b09cda130da3581cbdc56a6d",
                "sha256:b2f4bf27480f5e5e8ce285a8c8fd176c0b03e93dcc6646477d4630e83440c6a9",
                "sha256:b7f2d075102dc8c794cbde1947378051c4e5180d52d276987b8d28a3bd58c17d",
                "sha256:baa1a4e8f868845af802979fcdbf0bb11f94f1cb7ced4c4b8a351bb60d108145",
                "sha256:be98f628055368795d818ebf93da628541e10b75b41c559fdf36d104c5787066",
                "sha256:bf5d821ffabf0ef3533c39c518f3357b171a1651c1ff6827325e4489b0e46c3c",
                "sha256:c47adbc92fc1bb2b3274c4b3a43ae0e4573d9fbff4f54cd484555edbf030baf1",
                "sha256:d7f9850398e85aba693bb640262d3611788b1f29a79f0c93c565694658f4071f",
                "sha256:d8446c54dc28c01e5a2dbac5a25f071f6653e6e40f3a8818e8b45d790fe6ef53",
                "sha256:e0f138900af21926a02425cf736db95be9f4af72ba1bb21453432a07f6082134",
                "sha256:e9936f0b261d4df76ad22f8fee3ae83b60d7c3e871292cd42f40b81b70afae85",
                "sha256:f5653a225f31e113b152e56f154ccbe59eeb1c7487b39b9d9f9cdb58e6c79dc5",
                "sha256:f826e31d18b516f653fe296d967d700fddad5901ae07c622bb3705955e1faa94",
                "sha256:f8ba0e8349a38d3001fae7eadded3f6606f0da5d748ee53cc1dab1d6527b9509",
                "sha256:f9081981fe268bd86831e5c75f7de206ef275defcb82bc70740ae6dc507aee51",
                "sha256:fa130dd50c57d53368c9d59395cb5526eda596d3ffe36666cd81a44d56e48872"
            ],
            "markers": "python_version >= '3.6'",
            "version": "==2.0.1"
        },
        "mongoalchemy": {
            "hashes": [
                "sha256:51df53ed41be73193fae30848a4d787edf07062f317b4c8f17d485fdc0523dc2"
            ],
            "version": "==0.19"
        },
        "pyjwt": {
            "hashes": [
                "sha256:934d73fbba91b0483d3857d1aff50e96b2a892384ee2c17417ed3203f173fca1",
                "sha256:fba44e7898bbca160a2b2b501f492824fc8382485d3a6f11ba5d0c1937ce6130"
            ],
            "markers": "python_version >= '3.6'",
            "version": "==2.1.0"
        },
        "pymongo": {
            "hashes": [
                "sha256:07b40b69c27a728add45c3de0d4523a2e1370d1d80e40b8a02c4829b04c1d614",
                "sha256:0af4775dbe3ea2ddd713d3b05382d72a5f01636dcf0fc4f57ca9c3aad8f0d1a3",
                "sha256:0b136bc2656c49e5a0f18ad74ca4b4e973209666bb4f9460fd0d62eeec08263d",
                "sha256:0c4d6efaad633201e8688ce749cb14ef56be82379543b1ecabb263a5797ecbef",
                "sha256:0fb2bde825bcca96d5c434d52b8824bb11ebe51a75769217367f1a329fde06d9",
                "sha256:11416b752fc0914f1b0c4bd33b1ebe54a3aa8d1c72d9539c1eb49219024e8a30",
                "sha256:14ef3788bb2330a01bd3bc4049ea578afaa25d426995422be435bb17f33a5b36",
                "sha256:1b1e42430fc428cdf6cc84991083935b4457b3d9d799e8c0afe8e25f4bb09f41",
                "sha256:1d7d3fcddf5034818c744e77b9106f4e965f4b85b8244b16a72a2ed6eeab9b49",
                "sha256:2a8cb3d5fea5b9225da2e5fb516b54c755e43ad3f09b51fe0f9e2e19997c24de",
                "sha256:2aced2b9a63e460a8327a25877d4a04a67f4dfe6cb5b8b717a0ea3317e707213",
                "sha256:2f91c765ce02314577c458c9affe13a568434ae8cead50a48845aefdf5d756f3",
                "sha256:300ea5762d059c07d1bb2578f35bd0e55bc31753951e2de3d6fe2ed54438e374",
                "sha256:3253afda123773f983149aa0f0d5b2fadf78b7b636e26c1abc7d4d8b0e8c5bf6",
                "sha256:39d5009e03a71360441c455c5bb1235cdc769268cbffe770d264719f4ec83260",
                "sha256:3acc2f06a45108211112b86ecc3d8fcb695d42d9dd3727ade1ac361fb9c898a0",
                "sha256:3d4a9e39f6877f988e1a3928172dbd8f44e0ab240ca899656daa02c9b22feb55",
                "sha256:49f6f632506edc83699f6e193794df13e5233733e145c67bf59710774150943c",
                "sha256:4af649115424cc245997086900ea44042bad26ef9c98bcc2eb6ce23da3b6729a",
                "sha256:4e2cfda8717d949fcb71e116845d75418a94b74468e005bb0f2c33007b5aa74a",
                "sha256:508a5229437311fa1c098b554186455815acc7f7047e85a3b46d94b0f6614919",
                "sha256:5543d290437cb2ce751fc9f65e5ac3f885ddef69ec2d847fc87e6b20ef2851cb",
                "sha256:5caa230e1e4909c11e7b8b393272f5a4b6a34fe0a23eceb5440bd5b436927bb9",
                "sha256:5fb5284445b431bb7020fad793f6d0251469962aa62e6705dc812128fd0b7987",
                "sha256:6332feff93ea2acdd0a374899ca1c9ba260d83d2992ecd92f979b4ac35156fec",
                "sha256:654f7f6198bba1ac8aa043affef220428615c42200524ff0f29728bd772d7b95",
                "sha256:67af837bb71725a7c23af2cab82e80e751f5cc9139b8e62622cceaabc7dcc9f9",
                "sha256:6976f954b327ab5ec20291a63a3ff884bacd2a91753088f5fb74ad1c531ce365",
                "sha256:715afecf0d3a95e2d3015eb5c02c7d79d95b158a1ce651e4bea86ff00267f1ac",
                "sha256:7420ca7a1a2bb7172388dee72ac4a16d522f267ddb8a4a5173cdffa6f2793435",
                "sha256:76405ecfb20fb7f8bf1d19ef55ee802a2ea6c9bf93a5d15317d7161b30387e62",
                "sha256:7da55be54720da856bb0c44c0e331c0705cb2fdc9287e3bd93b26b5d07693a33",
                "sha256:8022c51778309f43954cd3f11c3b2cc6795becb61b3ed953a084ecf95468ff76",
                "sha256:9903c0a1522a42a5033b83e6ab7a3ee4a62da673cec066b0be6e67dde349fe57",
                "sha256:9b3207918c440b5902aeb6777685333cc6ee90c9cd7ac4e2d3852af7dd6c0ba1",
                "sha256:9bd8051c1381191a254a0c9446fbc650463f0918bbd6155ab59c4745959fad17",
                "sha256:9ca277da9aad9f5f651f0140f4a825663d32c1f0ca05fcdfb8ad8183af3ef7ec",
                "sha256:9efdc5849b6b5f3f53fb01b7826affc09dd57c86be8a893b3feb16a2c9570354",
                "sha256:ac354d561c2f70a92b5eaf19e4e7ce5ae03350f341e23f6bcf14a2ebfaade321",
                "sha256:aeb0393dce284acd484a7658502aa912da5ce9918c724247b57323f1577fb1a1",
                "sha256:af71eccaacce7c94bb14851b3a1ac75e3146c2057b44de53446cef57189196d7",
                "sha256:b0d38621e07f8bf68eec4e02e66ab8fd0b1b411da05073665b74389d85c23f5f",
                "sha256:b33f0c00a9fa74eccbd0a14ab84947497c0558a7b42cee1e1bdaf5120c0304b5",
                "sha256:bc033716d423285adf03f054db01c74c7124d7d15ab075a4bb46730dd44b4dd9",
                "sha256:bddc71af332bf6d1cd65e331f995414c2686b20959046364b7cc7103da95f1fe",
                "sha256:bef012d9665945ab807e71fa88b1d5257ddb79dff1f9ad7168d30a2254d742d9",
                "sha256:c4fb2ea44d87c2a490a1173d297cfae6eeeb945b016634d386d362004fdfb157",
                "sha256:d0dea491a5c32b4615c36f26c1763ffc18a8697060c5e8d3d4258485e7915922",
                "sha256:dc0ef4c7a7a0087b9251344da28f659cd282fee8a20f8af079239f3c2138ab56",
                "sha256:e0082d8b3ceba5f2a41b5dd2bf6a4d85128b78a62bf58f6c70a990a2a18c7b37",
                "sha256:e4cbec95d57f677185d3e0e3b6f96df5b82484d22f944b2935b6971ee2198cd0",
                "sha256:edb640982a46329e3f8cf1059a416902be987eee68b735b5a721be73a807a414",
                "sha256:f594a196df0afe073c491fd77a4f60dd28ff8b3fceda28ea503cd4a1a8329cc6",
                "sha256:fcd3af1abd2ea60fe33da7bf7a3e6f0553ca230126348c129ebea525189dbf26",
                "sha256:fee69a1e78c6881c2f378d75a50c1c8f1377157f96ff893730812d9f55d2d8d0"
            ],
            "version": "==2.8.1"
        },
        "python-dateutil": {
            "hashes": [
                "sha256:0123cacc1627ae19ddf3c27a5de5bd67ee4586fbdd6440d9748f8abb483d3e86",
                "sha256:961d03dc3453ebbc59dbdea9e4e11c5651520a876d0f4db161e8674aae935da9"
            ],
            "markers": "python_version >= '2.7' and python_version not in '3.0, 3.1, 3.2, 3.3'",
            "version": "==2.8.2"
        },
        "python-decouple": {
            "hashes": [
                "sha256:2e5adb0263a4f963b58d7407c4760a2465d464ee212d733e2a2c179e54c08d8f",
                "sha256:a8268466e6389a639a20deab9d880faee186eb1eb6a05e54375bdf158d691981"
            ],
            "index": "pypi",
            "version": "==3.4"
        },
        "python-dotenv": {
            "hashes": [
                "sha256:aae25dc1ebe97c420f50b81fb0e5c949659af713f31fdb63c749ca68748f34b1",
                "sha256:f521bc2ac9a8e03c736f62911605c5d83970021e3fa95b37d769e2bbbe9b6172"
            ],
            "index": "pypi",
            "version": "==0.19.0"
        },
        "pytz": {
            "hashes": [
                "sha256:83a4a90894bf38e243cf052c8b58f381bfe9a7a483f6a9cab140bc7f702ac4da",
                "sha256:eb10ce3e7736052ed3623d49975ce333bcd712c7bb19a58b9e2089d4057d0798"
            ],
            "version": "==2021.1"
        },
        "six": {
            "hashes": [
                "sha256:1e61c37477a1626458e36f7b1d82aa5c9b094fa4802892072e49de9c60c4c926",
                "sha256:8abb2f1d86890a2dfb989f9a77cfcfd3e47c2a354b01111771326f8aa26e0254"
            ],
            "markers": "python_version >= '2.7' and python_version not in '3.0, 3.1, 3.2, 3.3'",
            "version": "==1.16.0"
        },
        "typing-extensions": {
            "hashes": [
                "sha256:0ac0f89795dd19de6b97debb0c6af1c70987fd80a2d62d1958f7e56fcc31b497",
                "sha256:50b6f157849174217d0656f99dc82fe932884fb250826c18350e159ec6cdf342",
                "sha256:779383f6086d90c99ae41cf0ff39aac8a7937a9283ce0a414e5dd782f4c94a84"
            ],
            "markers": "python_version < '3.8'",
            "version": "==3.10.0.0"
        },
        "tzlocal": {
            "hashes": [
                "sha256:643c97c5294aedc737780a49d9df30889321cbe1204eac2c2ec6134035a92e44",
                "sha256:e2cb6c6b5b604af38597403e9852872d7f534962ae2954c7f35efcb1ccacf4a4"
            ],
            "version": "==2.1"
        },
        "werkzeug": {
            "hashes": [
                "sha256:1de1db30d010ff1af14a009224ec49ab2329ad2cde454c8a708130642d579c42",
                "sha256:6c1ec500dcdba0baa27600f6a22f6333d8b662d22027ff9f6202e3367413caa8"
            ],
            "markers": "python_version >= '3.6'",
            "version": "==2.0.1"
        },
        "zipp": {
            "hashes": [
                "sha256:957cfda87797e389580cb8b9e3870841ca991e2125350677b2ca83a0e99390a3",
                "sha256:f5812b1e007e48cff63449a5e9f4e7ebea716b4111f9c4f9a645f91d579bf0c4"
            ],
            "markers": "python_version >= '3.6'",
            "version": "==3.5.0"
        }
    },
    "develop": {}
}
